// !$*UTF8*$!
{
	archiveVersion = 1;
	classes = {
	};
	objectVersion = 46;
	objects = {

/* Begin PBXBuildFile section */
		64105D991A81D61D00B6D7A4 /* slidecolorpic.png in Resources */ = {isa = PBXBuildFile; fileRef = 64105D981A81D61D00B6D7A4 /* slidecolorpic.png */; };
		64E3B55C1A6E019D0034CEE0 /* main.m in Sources */ = {isa = PBXBuildFile; fileRef = 64E3B55B1A6E019D0034CEE0 /* main.m */; };
		64E3B55F1A6E019D0034CEE0 /* AppDelegate.m in Sources */ = {isa = PBXBuildFile; fileRef = 64E3B55E1A6E019D0034CEE0 /* AppDelegate.m */; };
		64E3B5621A6E019D0034CEE0 /* Home.m in Sources */ = {isa = PBXBuildFile; fileRef = 64E3B5611A6E019D0034CEE0 /* Home.m */; };
		64E3B5651A6E019D0034CEE0 /* Main.storyboard in Resources */ = {isa = PBXBuildFile; fileRef = 64E3B5631A6E019D0034CEE0 /* Main.storyboard */; };
		64E3B5671A6E019D0034CEE0 /* Images.xcassets in Resources */ = {isa = PBXBuildFile; fileRef = 64E3B5661A6E019D0034CEE0 /* Images.xcassets */; };
		64E3B56A1A6E019D0034CEE0 /* LaunchScreen.xib in Resources */ = {isa = PBXBuildFile; fileRef = 64E3B5681A6E019D0034CEE0 /* LaunchScreen.xib */; };
		64E3B5761A6E019E0034CEE0 /* SlideColorTests.m in Sources */ = {isa = PBXBuildFile; fileRef = 64E3B5751A6E019E0034CEE0 /* SlideColorTests.m */; };
/* End PBXBuildFile section */

/* Begin PBXContainerItemProxy section */
		64E3B5701A6E019E0034CEE0 /* PBXContainerItemProxy */ = {
			isa = PBXContainerItemProxy;
			containerPortal = 64E3B54E1A6E019D0034CEE0 /* Project object */;
			proxyType = 1;
			remoteGlobalIDString = 64E3B5551A6E019D0034CEE0;
			remoteInfo = SlideColor;
		};
/* End PBXContainerItemProxy section */

/* Begin PBXFileReference section */
		64105D981A81D61D00B6D7A4 /* slidecolorpic.png */ = {isa = PBXFileReference; lastKnownFileType = image.png; name = slidecolorpic.png; path = SlideColor/slidecolorpic.png; sourceTree = "<group>"; };
		64E3B5561A6E019D0034CEE0 /* SlideColor.app */ = {isa = PBXFileReference; explicitFileType = wrapper.application; includeInIndex = 0; path = SlideColor.app; sourceTree = BUILT_PRODUCTS_DIR; };
		64E3B55A1A6E019D0034CEE0 /* Info.plist */ = {isa = PBXFileReference; lastKnownFileType = text.plist.xml; path = Info.plist; sourceTree = "<group>"; };
		64E3B55B1A6E019D0034CEE0 /* main.m */ = {isa = PBXFileReference; lastKnownFileType = sourcecode.c.objc; path = main.m; sourceTree = "<group>"; };
		64E3B55D1A6E019D0034CEE0 /* AppDelegate.h */ = {isa = PBXFileReference; lastKnownFileType = sourcecode.c.h; path = AppDelegate.h; sourceTree = "<group>"; };
		64E3B55E1A6E019D0034CEE0 /* AppDelegate.m */ = {isa = PBXFileReference; lastKnownFileType = sourcecode.c.objc; path = AppDelegate.m; sourceTree = "<group>"; };
		64E3B5601A6E019D0034CEE0 /* Home.h */ = {isa = PBXFileReference; lastKnownFileType = sourcecode.c.h; path = Home.h; sourceTree = "<group>"; };
		64E3B5611A6E019D0034CEE0 /* Home.m */ = {isa = PBXFileReference; lastKnownFileType = sourcecode.c.objc; path = Home.m; sourceTree = "<group>"; };
		64E3B5641A6E019D0034CEE0 /* Base */ = {isa = PBXFileReference; lastKnownFileType = file.storyboard; name = Base; path = Base.lproj/Main.storyboard; sourceTree = "<group>"; };
		64E3B5661A6E019D0034CEE0 /* Images.xcassets */ = {isa = PBXFileReference; lastKnownFileType = folder.assetcatalog; path = Images.xcassets; sourceTree = "<group>"; };
		64E3B5691A6E019D0034CEE0 /* Base */ = {isa = PBXFileReference; lastKnownFileType = file.xib; name = Base; path = Base.lproj/LaunchScreen.xib; sourceTree = "<group>"; };
		64E3B56F1A6E019E0034CEE0 /* SlideColorTests.xctest */ = {isa = PBXFileReference; explicitFileType = wrapper.cfbundle; includeInIndex = 0; path = SlideColorTests.xctest; sourceTree = BUILT_PRODUCTS_DIR; };
		64E3B5741A6E019E0034CEE0 /* Info.plist */ = {isa = PBXFileReference; lastKnownFileType = text.plist.xml; path = Info.plist; sourceTree = "<group>"; };
		64E3B5751A6E019E0034CEE0 /* SlideColorTests.m */ = {isa = PBXFileReference; lastKnownFileType = sourcecode.c.objc; path = SlideColorTests.m; sourceTree = "<group>"; };
/* End PBXFileReference section */

/* Begin PBXFrameworksBuildPhase section */
		64E3B5531A6E019D0034CEE0 /* Frameworks */ = {
			isa = PBXFrameworksBuildPhase;
			buildActionMask = 2147483647;
			files = (
			);
			runOnlyForDeploymentPostprocessing = 0;
		};
		64E3B56C1A6E019E0034CEE0 /* Frameworks */ = {
			isa = PBXFrameworksBuildPhase;
			buildActionMask = 2147483647;
			files = (
			);
			runOnlyForDeploymentPostprocessing = 0;
		};
/* End PBXFrameworksBuildPhase section */

/* Begin PBXGroup section */
		64105D971A81D5C600B6D7A4 /* image */ = {
			isa = PBXGroup;
			children = (
				64105D981A81D61D00B6D7A4 /* slidecolorpic.png */,
			);
			name = image;
			sourceTree = "<group>";
		};
		64E3B54D1A6E019D0034CEE0 = {
			isa = PBXGroup;
			children = (
				64105D971A81D5C600B6D7A4 /* image */,
				64E3B5581A6E019D0034CEE0 /* SlideColor */,
				64E3B5721A6E019E0034CEE0 /* SlideColorTests */,
				64E3B5571A6E019D0034CEE0 /* Products */,
			);
			sourceTree = "<group>";
		};
		64E3B5571A6E019D0034CEE0 /* Products */ = {
			isa = PBXGroup;
			children = (
				64E3B5561A6E019D0034CEE0 /* SlideColor.app */,
				64E3B56F1A6E019E0034CEE0 /* SlideColorTests.xctest */,
			);
			name = Products;
			sourceTree = "<group>";
		};
		64E3B5581A6E019D0034CEE0 /* SlideColor */ = {
			isa = PBXGroup;
			children = (
				64E3B55D1A6E019D0034CEE0 /* AppDelegate.h */,
				64E3B55E1A6E019D0034CEE0 /* AppDelegate.m */,
				64E3B5601A6E019D0034CEE0 /* Home.h */,
				64E3B5611A6E019D0034CEE0 /* Home.m */,
				64E3B5631A6E019D0034CEE0 /* Main.storyboard */,
				64E3B5661A6E019D0034CEE0 /* Images.xcassets */,
				64E3B5681A6E019D0034CEE0 /* LaunchScreen.xib */,
				64E3B5591A6E019D0034CEE0 /* Supporting Files */,
			);
			path = SlideColor;
			sourceTree = "<group>";
		};
		64E3B5591A6E019D0034CEE0 /* Supporting Files */ = {
			isa = PBXGroup;
			children = (
				64E3B55A1A6E019D0034CEE0 /* Info.plist */,
				64E3B55B1A6E019D0034CEE0 /* main.m */,
			);
			name = "Supporting Files";
			sourceTree = "<group>";
		};
		64E3B5721A6E019E0034CEE0 /* SlideColorTests */ = {
			isa = PBXGroup;
			children = (
				64E3B5751A6E019E0034CEE0 /* SlideColorTests.m */,
				64E3B5731A6E019E0034CEE0 /* Supporting Files */,
			);
			path = SlideColorTests;
			sourceTree = "<group>";
		};
		64E3B5731A6E019E0034CEE0 /* Supporting Files */ = {
			isa = PBXGroup;
			children = (
				64E3B5741A6E019E0034CEE0 /* Info.plist */,
			);
			name = "Supporting Files";
			sourceTree = "<group>";
		};
/* End PBXGroup section */

/* Begin PBXNativeTarget section */
		64E3B5551A6E019D0034CEE0 /* SlideColor */ = {
			isa = PBXNativeTarget;
			buildConfigurationList = 64E3B5791A6E019E0034CEE0 /* Build configuration list for PBXNativeTarget "SlideColor" */;
			buildPhases = (
				64E3B5521A6E019D0034CEE0 /* Sources */,
				64E3B5531A6E019D0034CEE0 /* Frameworks */,
				64E3B5541A6E019D0034CEE0 /* Resources */,
			);
			buildRules = (
			);
			dependencies = (
			);
			name = SlideColor;
			productName = SlideColor;
			productReference = 64E3B5561A6E019D0034CEE0 /* SlideColor.app */;
			productType = "com.apple.product-type.application";
		};
		64E3B56E1A6E019E0034CEE0 /* SlideColorTests */ = {
			isa = PBXNativeTarget;
			buildConfigurationList = 64E3B57C1A6E019E0034CEE0 /* Build configuration list for PBXNativeTarget "SlideColorTests" */;
			buildPhases = (
				64E3B56B1A6E019E0034CEE0 /* Sources */,
				64E3B56C1A6E019E0034CEE0 /* Frameworks */,
				64E3B56D1A6E019E0034CEE0 /* Resources */,
			);
			buildRules = (
			);
			dependencies = (
				64E3B5711A6E019E0034CEE0 /* PBXTargetDependency */,
			);
			name = SlideColorTests;
			productName = SlideColorTests;
			productReference = 64E3B56F1A6E019E0034CEE0 /* SlideColorTests.xctest */;
			productType = "com.apple.product-type.bundle.unit-test";
		};
/* End PBXNativeTarget section */

/* Begin PBXProject section */
		64E3B54E1A6E019D0034CEE0 /* Project object */ = {
			isa = PBXProject;
			attributes = {
				LastUpgradeCheck = 0610;
				ORGANIZATIONNAME = BTICs;
				TargetAttributes = {
					64E3B5551A6E019D0034CEE0 = {
						CreatedOnToolsVersion = 6.1.1;
					};
					64E3B56E1A6E019E0034CEE0 = {
						CreatedOnToolsVersion = 6.1.1;
						TestTargetID = 64E3B5551A6E019D0034CEE0;
					};
				};
			};
			buildConfigurationList = 64E3B5511A6E019D0034CEE0 /* Build configuration list for PBXProject "SlideColor" */;
			compatibilityVersion = "Xcode 3.2";
			developmentRegion = English;
			hasScannedForEncodings = 0;
			knownRegions = (
				en,
				Base,
			);
			mainGroup = 64E3B54D1A6E019D0034CEE0;
			productRefGroup = 64E3B5571A6E019D0034CEE0 /* Products */;
			projectDirPath = "";
			projectRoot = "";
			targets = (
				64E3B5551A6E019D0034CEE0 /* SlideColor */,
				64E3B56E1A6E019E0034CEE0 /* SlideColorTests */,
			);
		};
/* End PBXProject section */

/* Begin PBXResourcesBuildPhase section */
		64E3B5541A6E019D0034CEE0 /* Resources */ = {
			isa = PBXResourcesBuildPhase;
			buildActionMask = 2147483647;
			files = (
				64105D991A81D61D00B6D7A4 /* slidecolorpic.png in Resources */,
				64E3B5651A6E019D0034CEE0 /* Main.storyboard in Resources */,
				64E3B56A1A6E019D0034CEE0 /* LaunchScreen.xib in Resources */,
				64E3B5671A6E019D0034CEE0 /* Images.xcassets in Resources */,
			);
			runOnlyForDeploymentPostprocessing = 0;
		};
		64E3B56D1A6E019E0034CEE0 /* Resources */ = {
			isa = PBXResourcesBuildPhase;
			buildActionMask = 2147483647;
			files = (
			);
			runOnlyForDeploymentPostprocessing = 0;
		};
/* End PBXResourcesBuildPhase section */

/* Begin PBXSourcesBuildPhase section */
		64E3B5521A6E019D0034CEE0 /* Sources */ = {
			isa = PBXSourcesBuildPhase;
			buildActionMask = 2147483647;
			files = (
				64E3B5621A6E019D0034CEE0 /* Home.m in Sources */,
				64E3B55F1A6E019D0034CEE0 /* AppDelegate.m in Sources */,
				64E3B55C1A6E019D0034CEE0 /* main.m in Sources */,
			);
			runOnlyForDeploymentPostprocessing = 0;
		};
		64E3B56B1A6E019E0034CEE0 /* Sources */ = {
			isa = PBXSourcesBuildPhase;
			buildActionMask = 2147483647;
			files = (
				64E3B5761A6E019E0034CEE0 /* SlideColorTests.m in Sources */,
			);
			runOnlyForDeploymentPostprocessing = 0;
		};
/* End PBXSourcesBuildPhase section */

/* Begin PBXTargetDependency section */
		64E3B5711A6E019E0034CEE0 /* PBXTargetDependency */ = {
			isa = PBXTargetDependency;
			target = 64E3B5551A6E019D0034CEE0 /* SlideColor */;
			targetProxy = 64E3B5701A6E019E0034CEE0 /* PBXContainerItemProxy */;
		};
/* End PBXTargetDependency section */

/* Begin PBXVariantGroup section */
		64E3B5631A6E019D0034CEE0 /* Main.storyboard */ = {
			isa = PBXVariantGroup;
			children = (
				64E3B5641A6E019D0034CEE0 /* Base */,
			);
			name = Main.storyboard;
			sourceTree = "<group>";
		};
		64E3B5681A6E019D0034CEE0 /* LaunchScreen.xib */ = {
			isa = PBXVariantGroup;
			children = (
				64E3B5691A6E019D0034CEE0 /* Base */,
			);
			name = LaunchScreen.xib;
			sourceTree = "<group>";
		};
/* End PBXVariantGroup section */

/* Begin XCBuildConfiguration section */
		64E3B5771A6E019E0034CEE0 /* Debug */ = {
			isa = XCBuildConfiguration;
			buildSettings = {
				ALWAYS_SEARCH_USER_PATHS = NO;
				CLANG_CXX_LANGUAGE_STANDARD = "gnu++0x";
				CLANG_CXX_LIBRARY = "libc++";
				CLANG_ENABLE_MODULES = YES;
				CLANG_ENABLE_OBJC_ARC = YES;
				CLANG_WARN_BOOL_CONVERSION = YES;
				CLANG_WARN_CONSTANT_CONVERSION = YES;
				CLANG_WARN_DIRECT_OBJC_ISA_USAGE = YES_ERROR;
				CLANG_WARN_EMPTY_BODY = YES;
				CLANG_WARN_ENUM_CONVERSION = YES;
				CLANG_WARN_INT_CONVERSION = YES;
				CLANG_WARN_OBJC_ROOT_CLASS = YES_ERROR;
				CLANG_WARN_UNREACHABLE_CODE = YES;
				CLANG_WARN__DUPLICATE_METHOD_MATCH = YES;
				"CODE_SIGN_IDENTITY[sdk=iphoneos*]" = "iPhone Developer";
				COPY_PHASE_STRIP = NO;
				ENABLE_STRICT_OBJC_MSGSEND = YES;
				GCC_C_LANGUAGE_STANDARD = gnu99;
				GCC_DYNAMIC_NO_PIC = NO;
				GCC_OPTIMIZATION_LEVEL = 0;
				GCC_PREPROCESSOR_DEFINITIONS = (
					"DEBUG=1",
					"$(inherited)",
				);
				GCC_SYMBOLS_PRIVATE_EXTERN = NO;
				GCC_WARN_64_TO_32_BIT_CONVERSION = YES;
				GCC_WARN_ABOUT_RETURN_TYPE = YES_ERROR;
				GCC_WARN_UNDECLARED_SELECTOR = YES;
				GCC_WARN_UNINITIALIZED_AUTOS = YES_AGGRESSIVE;
				GCC_WARN_UNUSED_FUNCTION = YES;
				GCC_WARN_UNUSED_VARIABLE = YES;
				IPHONEOS_DEPLOYMENT_TARGET = 8.1;
				MTL_ENABLE_DEBUG_INFO = YES;
				ONLY_ACTIVE_ARCH = YES;
				SDKROOT = iphoneos;
			};
			name = Debug;
		};
		64E3B5781A6E019E0034CEE0 /* Release */ = {
			isa = XCBuildConfiguration;
			buildSettings = {
				ALWAYS_SEARCH_USER_PATHS = NO;
				CLANG_CXX_LANGUAGE_STANDARD = "gnu++0x";
				CLANG_CXX_LIBRARY = "libc++";
				CLANG_ENABLE_MODULES = YES;
				CLANG_ENABLE_OBJC_ARC = YES;
				CLANG_WARN_BOOL_CONVERSION = YES;
				CLANG_WARN_CONSTANT_CONVERSION = YES;
				CLANG_WARN_DIRECT_OBJC_ISA_USAGE = YES_ERROR;
				CLANG_WARN_EMPTY_BODY = YES;
				CLANG_WARN_ENUM_CONVERSION = YES;
				CLANG_WARN_INT_CONVERSION = YES;
				CLANG_WARN_OBJC_ROOT_CLASS = YES_ERROR;
				CLANG_WARN_UNREACHABLE_CODE = YES;
				CLANG_WARN__DUPLICATE_METHOD_MATCH = YES;
				"CODE_SIGN_IDENTITY[sdk=iphoneos*]" = "iPhone Developer";
				COPY_PHASE_STRIP = YES;
				ENABLE_NS_ASSERTIONS = NO;
				ENABLE_STRICT_OBJC_MSGSEND = YES;
				GCC_C_LANGUAGE_STANDARD = gnu99;
				GCC_WARN_64_TO_32_BIT_CONVERSION = YES;
				GCC_WARN_ABOUT_RETURN_TYPE = YES_ERROR;
				GCC_WARN_UNDECLARED_SELECTOR = YES;
				GCC_WARN_UNINITIALIZED_AUTOS = YES_AGGRESSIVE;
				GCC_WARN_UNUSED_FUNCTION = YES;
				GCC_WARN_UNUSED_VARIABLE = YES;
				IPHONEOS_DEPLOYMENT_TARGET = 8.1;
				MTL_ENABLE_DEBUG_INFO = NO;
				SDKROOT = iphoneos;
				VALIDATE_PRODUCT = YES;
			};
			name = Release;
		};
		64E3B57A1A6E019E0034CEE0 /* Debug */ = {
			isa = XCBuildConfiguration;
			buildSettings = {
				ASSETCATALOG_COMPILER_APPICON_NAME = AppIcon;
				INFOPLIST_FILE = SlideColor/Info.plist;
				LD_RUNPATH_SEARCH_PATHS = "$(inherited) @executable_path/Frameworks";
				PRODUCT_NAME = "$(TARGET_NAME)";
			};
			name = Debug;
		};
		64E3B57B1A6E019E0034CEE0 /* Release */ = {
			isa = XCBuildConfiguration;
			buildSettings = {
				ASSETCATALOG_COMPILER_APPICON_NAME = AppIcon;
				INFOPLIST_FILE = SlideColor/Info.plist;
				LD_RUNPATH_SEARCH_PATHS = "$(inherited) @executable_path/Frameworks";
				PRODUCT_NAME = "$(TARGET_NAME)";
			};
			name = Release;
		};
		64E3B57D1A6E019E0034CEE0 /* Debug */ = {
			isa = XCBuildConfiguration;
			buildSettings = {
				BUNDLE_LOADER = "$(TEST_HOST)";
				FRAMEWORK_SEARCH_PATHS = (
					"$(SDKROOT)/Developer/Library/Frameworks",
					"$(inherited)",
				);
				GCC_PREPROCESSOR_DEFINITIONS = (
					"DEBUG=1",
					"$(inherited)",
				);
				INFOPLIST_FILE = SlideColorTests/Info.plist;
				LD_RUNPATH_SEARCH_PATHS = "$(inherited) @executable_path/Frameworks @loader_path/Frameworks";
				PRODUCT_NAME = "$(TARGET_NAME)";
				TEST_HOST = "$(BUILT_PRODUCTS_DIR)/SlideColor.app/SlideColor";
			};
			name = Debug;
		};
		64E3B57E1A6E019E0034CEE0 /* Release */ = {
			isa = XCBuildConfiguration;
			buildSettings = {
				BUNDLE_LOADER = "$(TEST_HOST)";
				FRAMEWORK_SEARCH_PATHS = (
					"$(SDKROOT)/Developer/Library/Frameworks",
					"$(inherited)",
				);
				INFOPLIST_FILE = SlideColorTests/Info.plist;
				LD_RUNPATH_SEARCH_PATHS = "$(inherited) @executable_path/Frameworks @loader_path/Frameworks";
				PRODUCT_NAME = "$(TARGET_NAME)";
				TEST_HOST = "$(BUILT_PRODUCTS_DIR)/SlideColor.app/SlideColor";
			};
			name = Release;
		};
/* End XCBuildConfiguration section */

/* Begin XCConfigurationList section */
		64E3B5511A6E019D0034CEE0 /* Build configuration list for PBXProject "SlideColor" */ = {
			isa = XCConfigurationList;
			buildConfigurations = (
				64E3B5771A6E019E0034CEE0 /* Debug */,
				64E3B5781A6E019E0034CEE0 /* Release */,
			);
			defaultConfigurationIsVisible = 0;
			defaultConfigurationName = Release;
		};
		64E3B5791A6E019E0034CEE0 /* Build configuration list for PBXNativeTarget "SlideColor" */ = {
			isa = XCConfigurationList;
			buildConfigurations = (
				64E3B57A1A6E019E0034CEE0 /* Debug */,
				64E3B57B1A6E019E0034CEE0 /* Release */,
			);
			defaultConfigurationIsVisible = 0;
			defaultConfigurationName = Release;
		};
		64E3B57C1A6E019E0034CEE0 /* Build configuration list for PBXNativeTarget "SlideColorTests" */ = {
			isa = XCConfigurationList;
			buildConfigurations = (
				64E3B57D1A6E019E0034CEE0 /* Debug */,
				64E3B57E1A6E019E0034CEE0 /* Release */,
			);
			defaultConfigurationIsVisible = 0;
			defaultConfigurationName = Release;
		};
/* End XCConfigurationList section */
	};
	rootObject = 64E3B54E1A6E019D0034CEE0 /* Project object */;
}
